// !$*UTF8*$!
{
	archiveVersion = 1;
	classes = {
	};
	objectVersion = 50;
	objects = {

/* Begin PBXBuildFile section */
		8B4D32D42288709800D0EB3C /* InfosPlayers.swift in Sources */ = {isa = PBXBuildFile; fileRef = 8B4D32D32288709800D0EB3C /* InfosPlayers.swift */; };
		8BA854BB228C7C8700153B57 /* InfosCharacter.swift in Sources */ = {isa = PBXBuildFile; fileRef = 8BA854BA228C7C8700153B57 /* InfosCharacter.swift */; };
		8BCC59ED22836011007948F2 /* main.swift in Sources */ = {isa = PBXBuildFile; fileRef = 8BCC59EC22836011007948F2 /* main.swift */; };
		8BCC59F422836177007948F2 /* Character.swift in Sources */ = {isa = PBXBuildFile; fileRef = 8BCC59F322836177007948F2 /* Character.swift */; };
		8BCC59F6228362F5007948F2 /* Warrior.swift in Sources */ = {isa = PBXBuildFile; fileRef = 8BCC59F5228362F5007948F2 /* Warrior.swift */; };
		8BCC59F822836318007948F2 /* Paladin.swift in Sources */ = {isa = PBXBuildFile; fileRef = 8BCC59F722836318007948F2 /* Paladin.swift */; };
		8BCC59FA22836341007948F2 /* Wizard.swift in Sources */ = {isa = PBXBuildFile; fileRef = 8BCC59F922836341007948F2 /* Wizard.swift */; };
		8BCC59FC22836357007948F2 /* Thief.swift in Sources */ = {isa = PBXBuildFile; fileRef = 8BCC59FB22836357007948F2 /* Thief.swift */; };
		8BCC59FE2283636D007948F2 /* Priest.swift in Sources */ = {isa = PBXBuildFile; fileRef = 8BCC59FD2283636D007948F2 /* Priest.swift */; };
		8BCC5A0022836386007948F2 /* Mage.swift in Sources */ = {isa = PBXBuildFile; fileRef = 8BCC59FF22836386007948F2 /* Mage.swift */; };
/* End PBXBuildFile section */

/* Begin PBXCopyFilesBuildPhase section */
		8BCC59E722836011007948F2 /* CopyFiles */ = {
			isa = PBXCopyFilesBuildPhase;
			buildActionMask = 2147483647;
			dstPath = /usr/share/man/man1/;
			dstSubfolderSpec = 0;
			files = (
			);
			runOnlyForDeploymentPostprocessing = 1;
		};
/* End PBXCopyFilesBuildPhase section */

/* Begin PBXFileReference section */
		8B4D32D32288709800D0EB3C /* InfosPlayers.swift */ = {isa = PBXFileReference; lastKnownFileType = sourcecode.swift; path = InfosPlayers.swift; sourceTree = "<group>"; };
		8BA854BA228C7C8700153B57 /* InfosCharacter.swift */ = {isa = PBXFileReference; lastKnownFileType = sourcecode.swift; path = InfosCharacter.swift; sourceTree = "<group>"; };
		8BCC59E922836011007948F2 /* Projet 3 Fight */ = {isa = PBXFileReference; explicitFileType = "compiled.mach-o.executable"; includeInIndex = 0; path = "Projet 3 Fight"; sourceTree = BUILT_PRODUCTS_DIR; };
		8BCC59EC22836011007948F2 /* main.swift */ = {isa = PBXFileReference; lastKnownFileType = sourcecode.swift; path = main.swift; sourceTree = "<group>"; };
		8BCC59F322836177007948F2 /* Character.swift */ = {isa = PBXFileReference; lastKnownFileType = sourcecode.swift; path = Character.swift; sourceTree = "<group>"; };
		8BCC59F5228362F5007948F2 /* Warrior.swift */ = {isa = PBXFileReference; lastKnownFileType = sourcecode.swift; path = Warrior.swift; sourceTree = "<group>"; };
		8BCC59F722836318007948F2 /* Paladin.swift */ = {isa = PBXFileReference; lastKnownFileType = sourcecode.swift; path = Paladin.swift; sourceTree = "<group>"; };
		8BCC59F922836341007948F2 /* Wizard.swift */ = {isa = PBXFileReference; lastKnownFileType = sourcecode.swift; path = Wizard.swift; sourceTree = "<group>"; };
		8BCC59FB22836357007948F2 /* Thief.swift */ = {isa = PBXFileReference; lastKnownFileType = sourcecode.swift; path = Thief.swift; sourceTree = "<group>"; };
		8BCC59FD2283636D007948F2 /* Priest.swift */ = {isa = PBXFileReference; lastKnownFileType = sourcecode.swift; path = Priest.swift; sourceTree = "<group>"; };
		8BCC59FF22836386007948F2 /* Mage.swift */ = {isa = PBXFileReference; lastKnownFileType = sourcecode.swift; path = Mage.swift; sourceTree = "<group>"; };
/* End PBXFileReference section */

/* Begin PBXFrameworksBuildPhase section */
		8BCC59E622836011007948F2 /* Frameworks */ = {
			isa = PBXFrameworksBuildPhase;
			buildActionMask = 2147483647;
			files = (
			);
			runOnlyForDeploymentPostprocessing = 0;
		};
/* End PBXFrameworksBuildPhase section */

/* Begin PBXGroup section */
		8BCC59E022836011007948F2 = {
			isa = PBXGroup;
			children = (
				8BCC59EB22836011007948F2 /* Projet 3 Fight */,
				8BCC59EA22836011007948F2 /* Products */,
			);
			sourceTree = "<group>";
		};
		8BCC59EA22836011007948F2 /* Products */ = {
			isa = PBXGroup;
			children = (
				8BCC59E922836011007948F2 /* Projet 3 Fight */,
			);
			name = Products;
			sourceTree = "<group>";
		};
		8BCC59EB22836011007948F2 /* Projet 3 Fight */ = {
			isa = PBXGroup;
			children = (
				8BCC59EC22836011007948F2 /* main.swift */,
				8B4D32D32288709800D0EB3C /* InfosPlayers.swift */,
				8BA854BA228C7C8700153B57 /* InfosCharacter.swift */,
				8BCC59F322836177007948F2 /* Character.swift */,
				8BCC59F5228362F5007948F2 /* Warrior.swift */,
				8BCC59F722836318007948F2 /* Paladin.swift */,
				8BCC59FF22836386007948F2 /* Mage.swift */,
				8BCC59F922836341007948F2 /* Wizard.swift */,
				8BCC59FD2283636D007948F2 /* Priest.swift */,
				8BCC59FB22836357007948F2 /* Thief.swift */,
			);
			path = "Projet 3 Fight";
			sourceTree = "<group>";
		};
/* End PBXGroup section */

/* Begin PBXNativeTarget section */
		8BCC59E822836011007948F2 /* Projet 3 Fight */ = {
			isa = PBXNativeTarget;
			buildConfigurationList = 8BCC59F022836011007948F2 /* Build configuration list for PBXNativeTarget "Projet 3 Fight" */;
			buildPhases = (
				8BCC59E522836011007948F2 /* Sources */,
				8BCC59E622836011007948F2 /* Frameworks */,
				8BCC59E722836011007948F2 /* CopyFiles */,
			);
			buildRules = (
			);
			dependencies = (
			);
			name = "Projet 3 Fight";
			productName = "Projet 3 Fight";
			productReference = 8BCC59E922836011007948F2 /* Projet 3 Fight */;
			productType = "com.apple.product-type.tool";
		};
/* End PBXNativeTarget section */

/* Begin PBXProject section */
		8BCC59E122836011007948F2 /* Project object */ = {
			isa = PBXProject;
			attributes = {
				LastSwiftUpdateCheck = 1020;
				LastUpgradeCheck = 1020;
				ORGANIZATIONNAME = NatProd;
				TargetAttributes = {
					8BCC59E822836011007948F2 = {
						CreatedOnToolsVersion = 10.2.1;
					};
				};
			};
			buildConfigurationList = 8BCC59E422836011007948F2 /* Build configuration list for PBXProject "Projet 3 Fight" */;
			compatibilityVersion = "Xcode 9.3";
			developmentRegion = en;
			hasScannedForEncodings = 0;
			knownRegions = (
				en,
			);
			mainGroup = 8BCC59E022836011007948F2;
			productRefGroup = 8BCC59EA22836011007948F2 /* Products */;
			projectDirPath = "";
			projectRoot = "";
			targets = (
				8BCC59E822836011007948F2 /* Projet 3 Fight */,
			);
		};
/* End PBXProject section */

/* Begin PBXSourcesBuildPhase section */
		8BCC59E522836011007948F2 /* Sources */ = {
			isa = PBXSourcesBuildPhase;
			buildActionMask = 2147483647;
			files = (
				8BA854BB228C7C8700153B57 /* InfosCharacter.swift in Sources */,
				8BCC59F6228362F5007948F2 /* Warrior.swift in Sources */,
				8BCC59F822836318007948F2 /* Paladin.swift in Sources */,
				8BCC59FC22836357007948F2 /* Thief.swift in Sources */,
				8BCC59FE2283636D007948F2 /* Priest.swift in Sources */,
				8BCC59ED22836011007948F2 /* main.swift in Sources */,
				8BCC59FA22836341007948F2 /* Wizard.swift in Sources */,
				8BCC59F422836177007948F2 /* Character.swift in Sources */,
				8BCC5A0022836386007948F2 /* Mage.swift in Sources */,
				8B4D32D42288709800D0EB3C /* InfosPlayers.swift in Sources */,
			);
			runOnlyForDeploymentPostprocessing = 0;
		};
/* End PBXSourcesBuildPhase section */

/* Begin XCBuildConfiguration section */
		8BCC59EE22836011007948F2 /* Debug */ = {
			isa = XCBuildConfiguration;
			buildSettings = {
				ALWAYS_SEARCH_USER_PATHS = NO;
				CLANG_ANALYZER_NONNULL = YES;
				CLANG_ANALYZER_NUMBER_OBJECT_CONVERSION = YES_AGGRESSIVE;
				CLANG_CXX_LANGUAGE_STANDARD = "gnu++14";
				CLANG_CXX_LIBRARY = "libc++";
				CLANG_ENABLE_MODULES = YES;
				CLANG_ENABLE_OBJC_ARC = YES;
				CLANG_ENABLE_OBJC_WEAK = YES;
				CLANG_WARN_BLOCK_CAPTURE_AUTORELEASING = YES;
				CLANG_WARN_BOOL_CONVERSION = YES;
				CLANG_WARN_COMMA = YES;
				CLANG_WARN_CONSTANT_CONVERSION = YES;
				CLANG_WARN_DEPRECATED_OBJC_IMPLEMENTATIONS = YES;
				CLANG_WARN_DIRECT_OBJC_ISA_USAGE = YES_ERROR;
				CLANG_WARN_DOCUMENTATION_COMMENTS = YES;
				CLANG_WARN_EMPTY_BODY = YES;
				CLANG_WARN_ENUM_CONVERSION = YES;
				CLANG_WARN_INFINITE_RECURSION = YES;
				CLANG_WARN_INT_CONVERSION = YES;
				CLANG_WARN_NON_LITERAL_NULL_CONVERSION = YES;
				CLANG_WARN_OBJC_IMPLICIT_RETAIN_SELF = YES;
				CLANG_WARN_OBJC_LITERAL_CONVERSION = YES;
				CLANG_WARN_OBJC_ROOT_CLASS = YES_ERROR;
				CLANG_WARN_RANGE_LOOP_ANALYSIS = YES;
				CLANG_WARN_STRICT_PROTOTYPES = YES;
				CLANG_WARN_SUSPICIOUS_MOVE = YES;
				CLANG_WARN_UNGUARDED_AVAILABILITY = YES_AGGRESSIVE;
				CLANG_WARN_UNREACHABLE_CODE = YES;
				CLANG_WARN__DUPLICATE_METHOD_MATCH = YES;
				CODE_SIGN_IDENTITY = "-";
				COPY_PHASE_STRIP = NO;
				DEBUG_INFORMATION_FORMAT = dwarf;
				ENABLE_STRICT_OBJC_MSGSEND = YES;
				ENABLE_TESTABILITY = YES;
				GCC_C_LANGUAGE_STANDARD = gnu11;
				GCC_DYNAMIC_NO_PIC = NO;
				GCC_NO_COMMON_BLOCKS = YES;
				GCC_OPTIMIZATION_LEVEL = 0;
				GCC_PREPROCESSOR_DEFINITIONS = (
					"DEBUG=1",
					"$(inherited)",
				);
				GCC_WARN_64_TO_32_BIT_CONVERSION = YES;
				GCC_WARN_ABOUT_RETURN_TYPE = YES_ERROR;
				GCC_WARN_UNDECLARED_SELECTOR = YES;
				GCC_WARN_UNINITIALIZED_AUTOS = YES_AGGRESSIVE;
				GCC_WARN_UNUSED_FUNCTION = YES;
				GCC_WARN_UNUSED_VARIABLE = YES;
				MACOSX_DEPLOYMENT_TARGET = 10.14;
				MTL_ENABLE_DEBUG_INFO = INCLUDE_SOURCE;
				MTL_FAST_MATH = YES;
				ONLY_ACTIVE_ARCH = YES;
				SDKROOT = macosx;
				SWIFT_ACTIVE_COMPILATION_CONDITIONS = DEBUG;
				SWIFT_OPTIMIZATION_LEVEL = "-Onone";
			};
			name = Debug;
		};
		8BCC59EF22836011007948F2 /* Release */ = {
			isa = XCBuildConfiguration;
			buildSettings = {
				ALWAYS_SEARCH_USER_PATHS = NO;
				CLANG_ANALYZER_NONNULL = YES;
				CLANG_ANALYZER_NUMBER_OBJECT_CONVERSION = YES_AGGRESSIVE;
				CLANG_CXX_LANGUAGE_STANDARD = "gnu++14";
				CLANG_CXX_LIBRARY = "libc++";
				CLANG_ENABLE_MODULES = YES;
				CLANG_ENABLE_OBJC_ARC = YES;
				CLANG_ENABLE_OBJC_WEAK = YES;
				CLANG_WARN_BLOCK_CAPTURE_AUTORELEASING = YES;
				CLANG_WARN_BOOL_CONVERSION = YES;
				CLANG_WARN_COMMA = YES;
				CLANG_WARN_CONSTANT_CONVERSION = YES;
				CLANG_WARN_DEPRECATED_OBJC_IMPLEMENTATIONS = YES;
				CLANG_WARN_DIRECT_OBJC_ISA_USAGE = YES_ERROR;
				CLANG_WARN_DOCUMENTATION_COMMENTS = YES;
				CLANG_WARN_EMPTY_BODY = YES;
				CLANG_WARN_ENUM_CONVERSION = YES;
				CLANG_WARN_INFINITE_RECURSION = YES;
				CLANG_WARN_INT_CONVERSION = YES;
				CLANG_WARN_NON_LITERAL_NULL_CONVERSION = YES;
				CLANG_WARN_OBJC_IMPLICIT_RETAIN_SELF = YES;
				CLANG_WARN_OBJC_LITERAL_CONVERSION = YES;
				CLANG_WARN_OBJC_ROOT_CLASS = YES_ERROR;
				CLANG_WARN_RANGE_LOOP_ANALYSIS = YES;
				CLANG_WARN_STRICT_PROTOTYPES = YES;
				CLANG_WARN_SUSPICIOUS_MOVE = YES;
				CLANG_WARN_UNGUARDED_AVAILABILITY = YES_AGGRESSIVE;
				CLANG_WARN_UNREACHABLE_CODE = YES;
				CLANG_WARN__DUPLICATE_METHOD_MATCH = YES;
				CODE_SIGN_IDENTITY = "-";
				COPY_PHASE_STRIP = NO;
				DEBUG_INFORMATION_FORMAT = "dwarf-with-dsym";
				ENABLE_NS_ASSERTIONS = NO;
				ENABLE_STRICT_OBJC_MSGSEND = YES;
				GCC_C_LANGUAGE_STANDARD = gnu11;
				GCC_NO_COMMON_BLOCKS = YES;
				GCC_WARN_64_TO_32_BIT_CONVERSION = YES;
				GCC_WARN_ABOUT_RETURN_TYPE = YES_ERROR;
				GCC_WARN_UNDECLARED_SELECTOR = YES;
				GCC_WARN_UNINITIALIZED_AUTOS = YES_AGGRESSIVE;
				GCC_WARN_UNUSED_FUNCTION = YES;
				GCC_WARN_UNUSED_VARIABLE = YES;
				MACOSX_DEPLOYMENT_TARGET = 10.14;
				MTL_ENABLE_DEBUG_INFO = NO;
				MTL_FAST_MATH = YES;
				SDKROOT = macosx;
				SWIFT_COMPILATION_MODE = wholemodule;
				SWIFT_OPTIMIZATION_LEVEL = "-O";
			};
			name = Release;
		};
		8BCC59F122836011007948F2 /* Debug */ = {
			isa = XCBuildConfiguration;
			buildSettings = {
				CODE_SIGN_STYLE = Automatic;
				PRODUCT_NAME = "$(TARGET_NAME)";
				SWIFT_VERSION = 5.0;
			};
			name = Debug;
		};
		8BCC59F222836011007948F2 /* Release */ = {
			isa = XCBuildConfiguration;
			buildSettings = {
				CODE_SIGN_STYLE = Automatic;
				PRODUCT_NAME = "$(TARGET_NAME)";
				SWIFT_VERSION = 5.0;
			};
			name = Release;
		};
/* End XCBuildConfiguration section */

/* Begin XCConfigurationList section */
		8BCC59E422836011007948F2 /* Build configuration list for PBXProject "Projet 3 Fight" */ = {
			isa = XCConfigurationList;
			buildConfigurations = (
				8BCC59EE22836011007948F2 /* Debug */,
				8BCC59EF22836011007948F2 /* Release */,
			);
			defaultConfigurationIsVisible = 0;
			defaultConfigurationName = Release;
		};
		8BCC59F022836011007948F2 /* Build configuration list for PBXNativeTarget "Projet 3 Fight" */ = {
			isa = XCConfigurationList;
			buildConfigurations = (
				8BCC59F122836011007948F2 /* Debug */,
				8BCC59F222836011007948F2 /* Release */,
			);
			defaultConfigurationIsVisible = 0;
			defaultConfigurationName = Release;
		};
/* End XCConfigurationList section */
	};
	rootObject = 8BCC59E122836011007948F2 /* Project object */;
}
